
Microsoft Visual Studio Solution File, Format Version 12.00
# Visual Studio Version 17
VisualStudioVersion = 17.4.33213.308
MinimumVisualStudioVersion = 10.0.40219.1
Project("{FAE04EC0-301F-11D3-BF4B-00C04F79EFBC}") = "DEMO_PROJECT", "DEMO_PROJECT\DEMO_PROJECT.csproj", "{40218679-C52F-461C-BDDC-4B6977D0CAF4}"
EndProject
Project("{2150E333-8FDC-42A3-9474-1A3956D46DE8}") = "API", "API", "{CFE5DEAF-6D05-4BC6-89C9-2F7688CE1C09}"
EndProject
Project("{2150E333-8FDC-42A3-9474-1A3956D46DE8}") = "CORE", "CORE", "{3C0153B5-66A4-4590-83AC-1C823740BB1C}"
EndProject
Project("{2150E333-8FDC-42A3-9474-1A3956D46DE8}") = "Infrastructure", "Infrastructure", "{10DF4B6E-C22E-4E18-9BA1-64CA7D64B3ED}"
EndProject
Project("{2150E333-8FDC-42A3-9474-1A3956D46DE8}") = "Shared", "Shared", "{E5D12258-AFAE-455B-A8F7-B85023024A3B}"
EndProject
Project("{FAE04EC0-301F-11D3-BF4B-00C04F79EFBC}") = "JobApplication.Core.Builder", "JobApplication.Core.Builder\JobApplication.Core.Builder.csproj", "{112DC1BC-BCC6-4A3D-8BA3-CFCA80471DEE}"
EndProject
Project("{FAE04EC0-301F-11D3-BF4B-00C04F79EFBC}") = "JobApplication.Core.Contact", "JobApplication.Core.Contact\JobApplication.Core.Contact.csproj", "{40D55DFE-E173-47A6-83C3-56D799888DCA}"
EndProject
Project("{FAE04EC0-301F-11D3-BF4B-00C04F79EFBC}") = "JobApplication.Core.Domain", "JobApplication.Core.Domain\JobApplication.Core.Domain.csproj", "{7DE3477B-457F-4598-B787-1B049355035D}"
EndProject
Project("{FAE04EC0-301F-11D3-BF4B-00C04F79EFBC}") = "JobApplication.Core.Service", "JobApplication.Core.Service\JobApplication.Core.Service.csproj", "{D055CB6A-D78B-46BA-A05B-55EE615B2BB0}"
EndProject
Project("{FAE04EC0-301F-11D3-BF4B-00C04F79EFBC}") = "JobApplication.Infra.Contract", "JobApplication.Infra.Contract\JobApplication.Infra.Contract.csproj", "{AC68D1BA-BB03-4BB3-B68A-074C7FC04684}"
EndProject
Project("{FAE04EC0-301F-11D3-BF4B-00C04F79EFBC}") = "JobApplication.Infra.Domain", "JobApplication.Infra.Domain\JobApplication.Infra.Domain.csproj", "{D0CC2F6C-6332-416C-974C-D28AB254BE8D}"
EndProject
Project("{FAE04EC0-301F-11D3-BF4B-00C04F79EFBC}") = "JobApplication.Infra.Repository", "JobApplication.Infra.Repository\JobApplication.Infra.Repository.csproj", "{2E1F89D1-F41F-4FE8-BBB8-310FC392D9A5}"
EndProject
Project("{FAE04EC0-301F-11D3-BF4B-00C04F79EFBC}") = "JobApplication.Shared", "JobApplication.Shared\JobApplication.Shared.csproj", "{21E2174E-4F07-46B5-858D-35A7BA58DAA9}"
EndProject
Global
	GlobalSection(SolutionConfigurationPlatforms) = preSolution
		Debug|Any CPU = Debug|Any CPU
		Release|Any CPU = Release|Any CPU
	EndGlobalSection
	GlobalSection(ProjectConfigurationPlatforms) = postSolution
		{40218679-C52F-461C-BDDC-4B6977D0CAF4}.Debug|Any CPU.ActiveCfg = Debug|Any CPU
		{40218679-C52F-461C-BDDC-4B6977D0CAF4}.Debug|Any CPU.Build.0 = Debug|Any CPU
		{40218679-C52F-461C-BDDC-4B6977D0CAF4}.Release|Any CPU.ActiveCfg = Release|Any CPU
		{40218679-C52F-461C-BDDC-4B6977D0CAF4}.Release|Any CPU.Build.0 = Release|Any CPU
		{112DC1BC-BCC6-4A3D-8BA3-CFCA80471DEE}.Debug|Any CPU.ActiveCfg = Debug|Any CPU
		{112DC1BC-BCC6-4A3D-8BA3-CFCA80471DEE}.Debug|Any CPU.Build.0 = Debug|Any CPU
		{112DC1BC-BCC6-4A3D-8BA3-CFCA80471DEE}.Release|Any CPU.ActiveCfg = Release|Any CPU
		{112DC1BC-BCC6-4A3D-8BA3-CFCA80471DEE}.Release|Any CPU.Build.0 = Release|Any CPU
		{40D55DFE-E173-47A6-83C3-56D799888DCA}.Debug|Any CPU.ActiveCfg = Debug|Any CPU
		{40D55DFE-E173-47A6-83C3-56D799888DCA}.Debug|Any CPU.Build.0 = Debug|Any CPU
		{40D55DFE-E173-47A6-83C3-56D799888DCA}.Release|Any CPU.ActiveCfg = Release|Any CPU
		{40D55DFE-E173-47A6-83C3-56D799888DCA}.Release|Any CPU.Build.0 = Release|Any CPU
		{7DE3477B-457F-4598-B787-1B049355035D}.Debug|Any CPU.ActiveCfg = Debug|Any CPU
		{7DE3477B-457F-4598-B787-1B049355035D}.Debug|Any CPU.Build.0 = Debug|Any CPU
		{7DE3477B-457F-4598-B787-1B049355035D}.Release|Any CPU.ActiveCfg = Release|Any CPU
		{7DE3477B-457F-4598-B787-1B049355035D}.Release|Any CPU.Build.0 = Release|Any CPU
		{D055CB6A-D78B-46BA-A05B-55EE615B2BB0}.Debug|Any CPU.ActiveCfg = Debug|Any CPU
		{D055CB6A-D78B-46BA-A05B-55EE615B2BB0}.Debug|Any CPU.Build.0 = Debug|Any CPU
		{D055CB6A-D78B-46BA-A05B-55EE615B2BB0}.Release|Any CPU.ActiveCfg = Release|Any CPU
		{D055CB6A-D78B-46BA-A05B-55EE615B2BB0}.Release|Any CPU.Build.0 = Release|Any CPU
		{AC68D1BA-BB03-4BB3-B68A-074C7FC04684}.Debug|Any CPU.ActiveCfg = Debug|Any CPU
		{AC68D1BA-BB03-4BB3-B68A-074C7FC04684}.Debug|Any CPU.Build.0 = Debug|Any CPU
		{AC68D1BA-BB03-4BB3-B68A-074C7FC04684}.Release|Any CPU.ActiveCfg = Release|Any CPU
		{AC68D1BA-BB03-4BB3-B68A-074C7FC04684}.Release|Any CPU.Build.0 = Release|Any CPU
		{D0CC2F6C-6332-416C-974C-D28AB254BE8D}.Debug|Any CPU.ActiveCfg = Debug|Any CPU
		{D0CC2F6C-6332-416C-974C-D28AB254BE8D}.Debug|Any CPU.Build.0 = Debug|Any CPU
		{D0CC2F6C-6332-416C-974C-D28AB254BE8D}.Release|Any CPU.ActiveCfg = Release|Any CPU
		{D0CC2F6C-6332-416C-974C-D28AB254BE8D}.Release|Any CPU.Build.0 = Release|Any CPU
		{2E1F89D1-F41F-4FE8-BBB8-310FC392D9A5}.Debug|Any CPU.ActiveCfg = Debug|Any CPU
		{2E1F89D1-F41F-4FE8-BBB8-310FC392D9A5}.Debug|Any CPU.Build.0 = Debug|Any CPU
		{2E1F89D1-F41F-4FE8-BBB8-310FC392D9A5}.Release|Any CPU.ActiveCfg = Release|Any CPU
		{2E1F89D1-F41F-4FE8-BBB8-310FC392D9A5}.Release|Any CPU.Build.0 = Release|Any CPU
		{21E2174E-4F07-46B5-858D-35A7BA58DAA9}.Debug|Any CPU.ActiveCfg = Debug|Any CPU
		{21E2174E-4F07-46B5-858D-35A7BA58DAA9}.Debug|Any CPU.Build.0 = Debug|Any CPU
		{21E2174E-4F07-46B5-858D-35A7BA58DAA9}.Release|Any CPU.ActiveCfg = Release|Any CPU
		{21E2174E-4F07-46B5-858D-35A7BA58DAA9}.Release|Any CPU.Build.0 = Release|Any CPU
	EndGlobalSection
	GlobalSection(SolutionProperties) = preSolution
		HideSolutionNode = FALSE
	EndGlobalSection
	GlobalSection(NestedProjects) = preSolution
		{40218679-C52F-461C-BDDC-4B6977D0CAF4} = {CFE5DEAF-6D05-4BC6-89C9-2F7688CE1C09}
		{112DC1BC-BCC6-4A3D-8BA3-CFCA80471DEE} = {3C0153B5-66A4-4590-83AC-1C823740BB1C}
		{40D55DFE-E173-47A6-83C3-56D799888DCA} = {3C0153B5-66A4-4590-83AC-1C823740BB1C}
		{7DE3477B-457F-4598-B787-1B049355035D} = {3C0153B5-66A4-4590-83AC-1C823740BB1C}
		{D055CB6A-D78B-46BA-A05B-55EE615B2BB0} = {3C0153B5-66A4-4590-83AC-1C823740BB1C}
		{AC68D1BA-BB03-4BB3-B68A-074C7FC04684} = {10DF4B6E-C22E-4E18-9BA1-64CA7D64B3ED}
		{D0CC2F6C-6332-416C-974C-D28AB254BE8D} = {10DF4B6E-C22E-4E18-9BA1-64CA7D64B3ED}
		{2E1F89D1-F41F-4FE8-BBB8-310FC392D9A5} = {10DF4B6E-C22E-4E18-9BA1-64CA7D64B3ED}
		{21E2174E-4F07-46B5-858D-35A7BA58DAA9} = {E5D12258-AFAE-455B-A8F7-B85023024A3B}
	EndGlobalSection
	GlobalSection(ExtensibilityGlobals) = postSolution
		SolutionGuid = {1B8514FB-87E2-4227-B2A3-35B08F1032FF}
	EndGlobalSection
EndGlobal
